
Microsoft Visual Studio Solution File, Format Version 12.00
# Visual Studio Version 16
VisualStudioVersion = 16.0.31911.196
MinimumVisualStudioVersion = 10.0.40219.1
Project("{FAE04EC0-301F-11D3-BF4B-00C04F79EFBC}") = "SSHClientApp", "SSHClientApp\SSHClientApp.csproj", "{5F6A64CA-2413-46FD-9771-C23D89521D45}"
EndProject
Global
	GlobalSection(SolutionConfigurationPlatforms) = preSolution
		Debug|Any CPU = Debug|Any CPU
		Release|Any CPU = Release|Any CPU
	EndGlobalSection
	GlobalSection(ProjectConfigurationPlatforms) = postSolution
		{5F6A64CA-2413-46FD-9771-C23D89521D45}.Debug|Any CPU.ActiveCfg = Debug|Any CPU
		{5F6A64CA-2413-46FD-9771-C23D89521D45}.Debug|Any CPU.Build.0 = Debug|Any CPU
		{5F6A64CA-2413-46FD-9771-C23D89521D45}.Release|Any CPU.ActiveCfg = Release|Any CPU
		{5F6A64CA-2413-46FD-9771-C23D89521D45}.Release|Any CPU.Build.0 = Release|Any CPU
	EndGlobalSection
	GlobalSection(SolutionProperties) = preSolution
		HideSolutionNode = FALSE
	EndGlobalSection
	GlobalSection(ExtensibilityGlobals) = postSolution
		SolutionGuid = {C1321374-C84D-4DCF-BDF6-18072A8B69E4}
	EndGlobalSection
EndGlobal
